
Microsoft Visual Studio Solution File, Format Version 12.00
# Visual Studio Version 17
VisualStudioVersion = 17.9.34616.47
MinimumVisualStudioVersion = 10.0.40219.1
Project("{FAE04EC0-301F-11D3-BF4B-00C04F79EFBC}") = "EmployeeDBFirst", "EmployeeDBFirst\EmployeeDBFirst.csproj", "{9C631CA6-6630-4F43-9231-9D3DEB5B1E5D}"
EndProject
Global
	GlobalSection(SolutionConfigurationPlatforms) = preSolution
		Debug|Any CPU = Debug|Any CPU
		Release|Any CPU = Release|Any CPU
	EndGlobalSection
	GlobalSection(ProjectConfigurationPlatforms) = postSolution
		{9C631CA6-6630-4F43-9231-9D3DEB5B1E5D}.Debug|Any CPU.ActiveCfg = Debug|Any CPU
		{9C631CA6-6630-4F43-9231-9D3DEB5B1E5D}.Debug|Any CPU.Build.0 = Debug|Any CPU
		{9C631CA6-6630-4F43-9231-9D3DEB5B1E5D}.Release|Any CPU.ActiveCfg = Release|Any CPU
		{9C631CA6-6630-4F43-9231-9D3DEB5B1E5D}.Release|Any CPU.Build.0 = Release|Any CPU
	EndGlobalSection
	GlobalSection(SolutionProperties) = preSolution
		HideSolutionNode = FALSE
	EndGlobalSection
	GlobalSection(ExtensibilityGlobals) = postSolution
		SolutionGuid = {FEA743D4-B53E-4DC6-A2B6-7AA930281675}
	EndGlobalSection
EndGlobal
